
Microsoft Visual Studio Solution File, Format Version 12.00
Project("{FAE04EC0-301F-11D3-BF4B-00C04F79EFBC}") = "FastaAnalyzer", "FastaAnalyzer\FastaAnalyzer.csproj", "{FF0F304B-80D3-4B4D-BE89-895DC1D6C826}"
EndProject
Global
	GlobalSection(SolutionConfigurationPlatforms) = preSolution
		Debug|Any CPU = Debug|Any CPU
		Release|Any CPU = Release|Any CPU
	EndGlobalSection
	GlobalSection(ProjectConfigurationPlatforms) = postSolution
		{FF0F304B-80D3-4B4D-BE89-895DC1D6C826}.Debug|Any CPU.ActiveCfg = Debug|Any CPU
		{FF0F304B-80D3-4B4D-BE89-895DC1D6C826}.Debug|Any CPU.Build.0 = Debug|Any CPU
		{FF0F304B-80D3-4B4D-BE89-895DC1D6C826}.Release|Any CPU.ActiveCfg = Release|Any CPU
		{FF0F304B-80D3-4B4D-BE89-895DC1D6C826}.Release|Any CPU.Build.0 = Release|Any CPU
	EndGlobalSection
EndGlobal
